
Microsoft Visual Studio Solution File, Format Version 12.00
# Visual Studio Version 16
VisualStudioVersion = 16.0.31005.135
MinimumVisualStudioVersion = 10.0.40219.1
Project("{FAE04EC0-301F-11D3-BF4B-00C04F79EFBC}") = "IteratorChallenge", "IteratorChallenge\IteratorChallenge.csproj", "{C69AAFC5-38F1-4D9A-920C-ABAF0D2E172C}"
EndProject
Global
	GlobalSection(SolutionConfigurationPlatforms) = preSolution
		Debug|Any CPU = Debug|Any CPU
		Release|Any CPU = Release|Any CPU
	EndGlobalSection
	GlobalSection(ProjectConfigurationPlatforms) = postSolution
		{C69AAFC5-38F1-4D9A-920C-ABAF0D2E172C}.Debug|Any CPU.ActiveCfg = Debug|Any CPU
		{C69AAFC5-38F1-4D9A-920C-ABAF0D2E172C}.Debug|Any CPU.Build.0 = Debug|Any CPU
		{C69AAFC5-38F1-4D9A-920C-ABAF0D2E172C}.Release|Any CPU.ActiveCfg = Release|Any CPU
		{C69AAFC5-38F1-4D9A-920C-ABAF0D2E172C}.Release|Any CPU.Build.0 = Release|Any CPU
	EndGlobalSection
	GlobalSection(SolutionProperties) = preSolution
		HideSolutionNode = FALSE
	EndGlobalSection
	GlobalSection(ExtensibilityGlobals) = postSolution
		SolutionGuid = {FBC3BEE2-64D5-470F-9412-A14A59FF4D6D}
	EndGlobalSection
EndGlobal
